
Microsoft Visual Studio Solution File, Format Version 12.00
# Visual Studio Version 16
VisualStudioVersion = 16.0.30611.23
MinimumVisualStudioVersion = 10.0.40219.1
Project("{888888A0-9F3D-457C-B088-3A5042F75D52}") = "MySecondProject", "MySecondProject\MySecondProject.pyproj", "{784402DE-C3C7-413B-97D9-F0898A460684}"
EndProject
Global
	GlobalSection(SolutionConfigurationPlatforms) = preSolution
		Debug|Any CPU = Debug|Any CPU
		Release|Any CPU = Release|Any CPU
	EndGlobalSection
	GlobalSection(ProjectConfigurationPlatforms) = postSolution
		{784402DE-C3C7-413B-97D9-F0898A460684}.Debug|Any CPU.ActiveCfg = Debug|Any CPU
		{784402DE-C3C7-413B-97D9-F0898A460684}.Release|Any CPU.ActiveCfg = Release|Any CPU
	EndGlobalSection
	GlobalSection(SolutionProperties) = preSolution
		HideSolutionNode = FALSE
	EndGlobalSection
	GlobalSection(ExtensibilityGlobals) = postSolution
		SolutionGuid = {138C0400-76D7-47D0-8121-BC26F5629044}
	EndGlobalSection
EndGlobal
